{
  "name": "web_app",
  "lockfileVersion": 2,
  "requires": true,
  "packages": {
    "": {
      "dependencies": {
        "toastifier": "^1.2.2"
      }
    },
    "node_modules/toastifier": {
      "version": "1.2.2",
      "resolved": "https://registry.npmjs.org/toastifier/-/toastifier-1.2.2.tgz",
      "integrity": "sha512-LlUjH2zEIfWkChIiUZgzwKCIHt0zj62QkPsGuKF+aQeYgqimrESZXfPv5rBlG271wFlnfKYoGd0L6mwIwTO/yg=="
    }
  },
  "dependencies": {
    "toastifier": {
      "version": "1.2.2",
      "resolved": "https://registry.npmjs.org/toastifier/-/toastifier-1.2.2.tgz",
      "integrity": "sha512-LlUjH2zEIfWkChIiUZgzwKCIHt0zj62QkPsGuKF+aQeYgqimrESZXfPv5rBlG271wFlnfKYoGd0L6mwIwTO/yg=="
    }
  }
}
